// !$*UTF8*$!
{
	archiveVersion = 1;
	classes = {
	};
	objectVersion = 70;
	objects = {

/* Begin PBXBuildFile section */
		99C3DB862D9F4BF700B87755 /* CurrencyRate.swift in Sources */ = {isa = PBXBuildFile; fileRef = 99C3DB852D9F4BF700B87755 /* CurrencyRate.swift */; };
		99C95A8A2D9EF6AD00A97FEA /* AppDelegate.swift in Sources */ = {isa = PBXBuildFile; fileRef = 99C95A682D9EF6AD00A97FEA /* AppDelegate.swift */; };
		99C95A8B2D9EF6AD00A97FEA /* MainTabBarController.swift in Sources */ = {isa = PBXBuildFile; fileRef = 99C95A692D9EF6AD00A97FEA /* MainTabBarController.swift */; };
		99C95A8C2D9EF6AD00A97FEA /* SceneDelegate.swift in Sources */ = {isa = PBXBuildFile; fileRef = 99C95A6A2D9EF6AD00A97FEA /* SceneDelegate.swift */; };
		99C95A8D2D9EF6AD00A97FEA /* Currency.swift in Sources */ = {isa = PBXBuildFile; fileRef = 99C95A6C2D9EF6AD00A97FEA /* Currency.swift */; };
		99C95A8E2D9EF6AD00A97FEA /* Quote.swift in Sources */ = {isa = PBXBuildFile; fileRef = 99C95A6D2D9EF6AD00A97FEA /* Quote.swift */; };
		99C95A8F2D9EF6AD00A97FEA /* APIClient.swift in Sources */ = {isa = PBXBuildFile; fileRef = 99C95A6F2D9EF6AD00A97FEA /* APIClient.swift */; };
		99C95A902D9EF6AD00A97FEA /* WebSocketManager.swift in Sources */ = {isa = PBXBuildFile; fileRef = 99C95A702D9EF6AD00A97FEA /* WebSocketManager.swift */; };
		99C95A912D9EF6AD00A97FEA /* CurrencyConverterBuilder.swift in Sources */ = {isa = PBXBuildFile; fileRef = 99C95A722D9EF6AD00A97FEA /* CurrencyConverterBuilder.swift */; };
		99C95A922D9EF6AD00A97FEA /* CurrencyConverterInteractor.swift in Sources */ = {isa = PBXBuildFile; fileRef = 99C95A732D9EF6AD00A97FEA /* CurrencyConverterInteractor.swift */; };
		99C95A932D9EF6AD00A97FEA /* CurrencyConverterModels.swift in Sources */ = {isa = PBXBuildFile; fileRef = 99C95A742D9EF6AD00A97FEA /* CurrencyConverterModels.swift */; };
		99C95A942D9EF6AD00A97FEA /* CurrencyConverterPresenter.swift in Sources */ = {isa = PBXBuildFile; fileRef = 99C95A752D9EF6AD00A97FEA /* CurrencyConverterPresenter.swift */; };
		99C95A952D9EF6AD00A97FEA /* CurrencyConverterRouter.swift in Sources */ = {isa = PBXBuildFile; fileRef = 99C95A762D9EF6AD00A97FEA /* CurrencyConverterRouter.swift */; };
		99C95A962D9EF6AD00A97FEA /* CurrencyConverterView.swift in Sources */ = {isa = PBXBuildFile; fileRef = 99C95A772D9EF6AD00A97FEA /* CurrencyConverterView.swift */; };
		99C95A972D9EF6AD00A97FEA /* CurrencyConverterViewController.swift in Sources */ = {isa = PBXBuildFile; fileRef = 99C95A782D9EF6AD00A97FEA /* CurrencyConverterViewController.swift */; };
		99C95A982D9EF6AD00A97FEA /* CurrencyConverterWorker.swift in Sources */ = {isa = PBXBuildFile; fileRef = 99C95A792D9EF6AD00A97FEA /* CurrencyConverterWorker.swift */; };
		99C95A992D9EF6AD00A97FEA /* OnlineQuotesBuilder.swift in Sources */ = {isa = PBXBuildFile; fileRef = 99C95A7B2D9EF6AD00A97FEA /* OnlineQuotesBuilder.swift */; };
		99C95A9A2D9EF6AD00A97FEA /* OnlineQuotesInteractor.swift in Sources */ = {isa = PBXBuildFile; fileRef = 99C95A7C2D9EF6AD00A97FEA /* OnlineQuotesInteractor.swift */; };
		99C95A9B2D9EF6AD00A97FEA /* OnlineQuotesModels.swift in Sources */ = {isa = PBXBuildFile; fileRef = 99C95A7D2D9EF6AD00A97FEA /* OnlineQuotesModels.swift */; };
		99C95A9C2D9EF6AD00A97FEA /* OnlineQuotesPresenter.swift in Sources */ = {isa = PBXBuildFile; fileRef = 99C95A7E2D9EF6AD00A97FEA /* OnlineQuotesPresenter.swift */; };
		99C95A9D2D9EF6AD00A97FEA /* OnlineQuotesRouter.swift in Sources */ = {isa = PBXBuildFile; fileRef = 99C95A7F2D9EF6AD00A97FEA /* OnlineQuotesRouter.swift */; };
		99C95A9E2D9EF6AD00A97FEA /* OnlineQuotesViewController.swift in Sources */ = {isa = PBXBuildFile; fileRef = 99C95A802D9EF6AD00A97FEA /* OnlineQuotesViewController.swift */; };
		99C95A9F2D9EF6AD00A97FEA /* OnlineQuotesWorker.swift in Sources */ = {isa = PBXBuildFile; fileRef = 99C95A812D9EF6AD00A97FEA /* OnlineQuotesWorker.swift */; };
		99C95AA02D9EF6AD00A97FEA /* ViewController.swift in Sources */ = {isa = PBXBuildFile; fileRef = 99C95A882D9EF6AD00A97FEA /* ViewController.swift */; };
		99C95AA12D9EF6AD00A97FEA /* Assets.xcassets in Resources */ = {isa = PBXBuildFile; fileRef = 99C95A842D9EF6AD00A97FEA /* Assets.xcassets */; };
		99C95AA32D9EF6AD00A97FEA /* LaunchScreen.storyboard in Resources */ = {isa = PBXBuildFile; fileRef = 99C95A872D9EF6AD00A97FEA /* LaunchScreen.storyboard */; };
		B99BD8351CDF6C272F2EDEBB /* Pods_XchangeNow.framework in Frameworks */ = {isa = PBXBuildFile; fileRef = EAB1E61A0EFDE11FF63CEE94 /* Pods_XchangeNow.framework */; };
/* End PBXBuildFile section */

/* Begin PBXFileReference section */
		050BF90242E69E7019D5D5EE /* Pods-XchangeNow.release.xcconfig */ = {isa = PBXFileReference; includeInIndex = 1; lastKnownFileType = text.xcconfig; name = "Pods-XchangeNow.release.xcconfig"; path = "Target Support Files/Pods-XchangeNow/Pods-XchangeNow.release.xcconfig"; sourceTree = "<group>"; };
		6CF11BCF4B00C7430F960949 /* Pods-XchangeNow.debug.xcconfig */ = {isa = PBXFileReference; includeInIndex = 1; lastKnownFileType = text.xcconfig; name = "Pods-XchangeNow.debug.xcconfig"; path = "Target Support Files/Pods-XchangeNow/Pods-XchangeNow.debug.xcconfig"; sourceTree = "<group>"; };
		99ADEF282D9DC48000AFB275 /* XchangeNow.app */ = {isa = PBXFileReference; explicitFileType = wrapper.application; includeInIndex = 0; path = XchangeNow.app; sourceTree = BUILT_PRODUCTS_DIR; };
		99C3DB852D9F4BF700B87755 /* CurrencyRate.swift */ = {isa = PBXFileReference; lastKnownFileType = sourcecode.swift; path = CurrencyRate.swift; sourceTree = "<group>"; };
		99C95A682D9EF6AD00A97FEA /* AppDelegate.swift */ = {isa = PBXFileReference; lastKnownFileType = sourcecode.swift; path = AppDelegate.swift; sourceTree = "<group>"; };
		99C95A692D9EF6AD00A97FEA /* MainTabBarController.swift */ = {isa = PBXFileReference; lastKnownFileType = sourcecode.swift; path = MainTabBarController.swift; sourceTree = "<group>"; };
		99C95A6A2D9EF6AD00A97FEA /* SceneDelegate.swift */ = {isa = PBXFileReference; lastKnownFileType = sourcecode.swift; path = SceneDelegate.swift; sourceTree = "<group>"; };
		99C95A6C2D9EF6AD00A97FEA /* Currency.swift */ = {isa = PBXFileReference; lastKnownFileType = sourcecode.swift; path = Currency.swift; sourceTree = "<group>"; };
		99C95A6D2D9EF6AD00A97FEA /* Quote.swift */ = {isa = PBXFileReference; lastKnownFileType = sourcecode.swift; path = Quote.swift; sourceTree = "<group>"; };
		99C95A6F2D9EF6AD00A97FEA /* APIClient.swift */ = {isa = PBXFileReference; lastKnownFileType = sourcecode.swift; path = APIClient.swift; sourceTree = "<group>"; };
		99C95A702D9EF6AD00A97FEA /* WebSocketManager.swift */ = {isa = PBXFileReference; lastKnownFileType = sourcecode.swift; path = WebSocketManager.swift; sourceTree = "<group>"; };
		99C95A722D9EF6AD00A97FEA /* CurrencyConverterBuilder.swift */ = {isa = PBXFileReference; lastKnownFileType = sourcecode.swift; path = CurrencyConverterBuilder.swift; sourceTree = "<group>"; };
		99C95A732D9EF6AD00A97FEA /* CurrencyConverterInteractor.swift */ = {isa = PBXFileReference; lastKnownFileType = sourcecode.swift; path = CurrencyConverterInteractor.swift; sourceTree = "<group>"; };
		99C95A742D9EF6AD00A97FEA /* CurrencyConverterModels.swift */ = {isa = PBXFileReference; lastKnownFileType = sourcecode.swift; path = CurrencyConverterModels.swift; sourceTree = "<group>"; };
		99C95A752D9EF6AD00A97FEA /* CurrencyConverterPresenter.swift */ = {isa = PBXFileReference; lastKnownFileType = sourcecode.swift; path = CurrencyConverterPresenter.swift; sourceTree = "<group>"; };
		99C95A762D9EF6AD00A97FEA /* CurrencyConverterRouter.swift */ = {isa = PBXFileReference; lastKnownFileType = sourcecode.swift; path = CurrencyConverterRouter.swift; sourceTree = "<group>"; };
		99C95A772D9EF6AD00A97FEA /* CurrencyConverterView.swift */ = {isa = PBXFileReference; lastKnownFileType = sourcecode.swift; path = CurrencyConverterView.swift; sourceTree = "<group>"; };
		99C95A782D9EF6AD00A97FEA /* CurrencyConverterViewController.swift */ = {isa = PBXFileReference; lastKnownFileType = sourcecode.swift; path = CurrencyConverterViewController.swift; sourceTree = "<group>"; };
		99C95A792D9EF6AD00A97FEA /* CurrencyConverterWorker.swift */ = {isa = PBXFileReference; lastKnownFileType = sourcecode.swift; path = CurrencyConverterWorker.swift; sourceTree = "<group>"; };
		99C95A7B2D9EF6AD00A97FEA /* OnlineQuotesBuilder.swift */ = {isa = PBXFileReference; lastKnownFileType = sourcecode.swift; path = OnlineQuotesBuilder.swift; sourceTree = "<group>"; };
		99C95A7C2D9EF6AD00A97FEA /* OnlineQuotesInteractor.swift */ = {isa = PBXFileReference; lastKnownFileType = sourcecode.swift; path = OnlineQuotesInteractor.swift; sourceTree = "<group>"; };
		99C95A7D2D9EF6AD00A97FEA /* OnlineQuotesModels.swift */ = {isa = PBXFileReference; lastKnownFileType = sourcecode.swift; path = OnlineQuotesModels.swift; sourceTree = "<group>"; };
		99C95A7E2D9EF6AD00A97FEA /* OnlineQuotesPresenter.swift */ = {isa = PBXFileReference; lastKnownFileType = sourcecode.swift; path = OnlineQuotesPresenter.swift; sourceTree = "<group>"; };
		99C95A7F2D9EF6AD00A97FEA /* OnlineQuotesRouter.swift */ = {isa = PBXFileReference; lastKnownFileType = sourcecode.swift; path = OnlineQuotesRouter.swift; sourceTree = "<group>"; };
		99C95A802D9EF6AD00A97FEA /* OnlineQuotesViewController.swift */ = {isa = PBXFileReference; lastKnownFileType = sourcecode.swift; path = OnlineQuotesViewController.swift; sourceTree = "<group>"; };
		99C95A812D9EF6AD00A97FEA /* OnlineQuotesWorker.swift */ = {isa = PBXFileReference; lastKnownFileType = sourcecode.swift; path = OnlineQuotesWorker.swift; sourceTree = "<group>"; };
		99C95A842D9EF6AD00A97FEA /* Assets.xcassets */ = {isa = PBXFileReference; lastKnownFileType = folder.assetcatalog; path = Assets.xcassets; sourceTree = "<group>"; };
		99C95A852D9EF6AD00A97FEA /* Info.plist */ = {isa = PBXFileReference; lastKnownFileType = text.plist.xml; path = Info.plist; sourceTree = "<group>"; };
		99C95A862D9EF6AD00A97FEA /* Base */ = {isa = PBXFileReference; lastKnownFileType = file.storyboard; name = Base; path = Base.lproj/LaunchScreen.storyboard; sourceTree = "<group>"; };
		99C95A882D9EF6AD00A97FEA /* ViewController.swift */ = {isa = PBXFileReference; lastKnownFileType = sourcecode.swift; path = ViewController.swift; sourceTree = "<group>"; };
		EAB1E61A0EFDE11FF63CEE94 /* Pods_XchangeNow.framework */ = {isa = PBXFileReference; explicitFileType = wrapper.framework; includeInIndex = 0; path = Pods_XchangeNow.framework; sourceTree = BUILT_PRODUCTS_DIR; };
/* End PBXFileReference section */

/* Begin PBXFileSystemSynchronizedRootGroup section */
		99C3DB7F2D9F273000B87755 /* Dropdown */ = {isa = PBXFileSystemSynchronizedRootGroup; explicitFileTypes = {}; explicitFolders = (); path = Dropdown; sourceTree = "<group>"; };
		99C3DB822D9F2EBE00B87755 /* Utils */ = {isa = PBXFileSystemSynchronizedRootGroup; explicitFileTypes = {}; explicitFolders = (); path = Utils; sourceTree = "<group>"; };
		99C3DB872D9F4C3E00B87755 /* Services */ = {isa = PBXFileSystemSynchronizedRootGroup; explicitFileTypes = {}; explicitFolders = (); path = Services; sourceTree = "<group>"; };
/* End PBXFileSystemSynchronizedRootGroup section */

/* Begin PBXFrameworksBuildPhase section */
		99ADEF252D9DC48000AFB275 /* Frameworks */ = {
			isa = PBXFrameworksBuildPhase;
			buildActionMask = 2147483647;
			files = (
				B99BD8351CDF6C272F2EDEBB /* Pods_XchangeNow.framework in Frameworks */,
			);
			runOnlyForDeploymentPostprocessing = 0;
		};
/* End PBXFrameworksBuildPhase section */

/* Begin PBXGroup section */
		1765B69499FA33F39E138AF7 /* Pods */ = {
			isa = PBXGroup;
			children = (
				6CF11BCF4B00C7430F960949 /* Pods-XchangeNow.debug.xcconfig */,
				050BF90242E69E7019D5D5EE /* Pods-XchangeNow.release.xcconfig */,
			);
			path = Pods;
			sourceTree = "<group>";
		};
		99ADEF1F2D9DC48000AFB275 = {
			isa = PBXGroup;
			children = (
				99C95A892D9EF6AD00A97FEA /* XchangeNow */,
				99ADEF292D9DC48000AFB275 /* Products */,
				1765B69499FA33F39E138AF7 /* Pods */,
				B29C3A858855275DFA261FE6 /* Frameworks */,
			);
			sourceTree = "<group>";
		};
		99ADEF292D9DC48000AFB275 /* Products */ = {
			isa = PBXGroup;
			children = (
				99ADEF282D9DC48000AFB275 /* XchangeNow.app */,
			);
			name = Products;
			sourceTree = "<group>";
		};
		99C95A6B2D9EF6AD00A97FEA /* App */ = {
			isa = PBXGroup;
			children = (
				99C95A682D9EF6AD00A97FEA /* AppDelegate.swift */,
				99C95A692D9EF6AD00A97FEA /* MainTabBarController.swift */,
				99C95A6A2D9EF6AD00A97FEA /* SceneDelegate.swift */,
			);
			path = App;
			sourceTree = "<group>";
		};
		99C95A6E2D9EF6AD00A97FEA /* Models */ = {
			isa = PBXGroup;
			children = (
				99C95A6C2D9EF6AD00A97FEA /* Currency.swift */,
				99C95A6D2D9EF6AD00A97FEA /* Quote.swift */,
				99C3DB852D9F4BF700B87755 /* CurrencyRate.swift */,
			);
			path = Models;
			sourceTree = "<group>";
		};
		99C95A712D9EF6AD00A97FEA /* Network */ = {
			isa = PBXGroup;
			children = (
				99C3DB872D9F4C3E00B87755 /* Services */,
				99C95A6F2D9EF6AD00A97FEA /* APIClient.swift */,
				99C95A702D9EF6AD00A97FEA /* WebSocketManager.swift */,
			);
			path = Network;
			sourceTree = "<group>";
		};
		99C95A7A2D9EF6AD00A97FEA /* CurrencyConverter */ = {
			isa = PBXGroup;
			children = (
				99C95A722D9EF6AD00A97FEA /* CurrencyConverterBuilder.swift */,
				99C95A732D9EF6AD00A97FEA /* CurrencyConverterInteractor.swift */,
				99C95A742D9EF6AD00A97FEA /* CurrencyConverterModels.swift */,
				99C95A752D9EF6AD00A97FEA /* CurrencyConverterPresenter.swift */,
				99C95A762D9EF6AD00A97FEA /* CurrencyConverterRouter.swift */,
				99C95A772D9EF6AD00A97FEA /* CurrencyConverterView.swift */,
				99C95A782D9EF6AD00A97FEA /* CurrencyConverterViewController.swift */,
				99C95A792D9EF6AD00A97FEA /* CurrencyConverterWorker.swift */,
			);
			path = CurrencyConverter;
			sourceTree = "<group>";
		};
		99C95A822D9EF6AD00A97FEA /* OnlineQuotes */ = {
			isa = PBXGroup;
			children = (
				99C95A7B2D9EF6AD00A97FEA /* OnlineQuotesBuilder.swift */,
				99C95A7C2D9EF6AD00A97FEA /* OnlineQuotesInteractor.swift */,
				99C95A7D2D9EF6AD00A97FEA /* OnlineQuotesModels.swift */,
				99C95A7E2D9EF6AD00A97FEA /* OnlineQuotesPresenter.swift */,
				99C95A7F2D9EF6AD00A97FEA /* OnlineQuotesRouter.swift */,
				99C95A802D9EF6AD00A97FEA /* OnlineQuotesViewController.swift */,
				99C95A812D9EF6AD00A97FEA /* OnlineQuotesWorker.swift */,
			);
			path = OnlineQuotes;
			sourceTree = "<group>";
		};
		99C95A832D9EF6AD00A97FEA /* Scenes */ = {
			isa = PBXGroup;
			children = (
				99C95A7A2D9EF6AD00A97FEA /* CurrencyConverter */,
				99C95A822D9EF6AD00A97FEA /* OnlineQuotes */,
			);
			path = Scenes;
			sourceTree = "<group>";
		};
		99C95A892D9EF6AD00A97FEA /* XchangeNow */ = {
			isa = PBXGroup;
			children = (
				99C3DB822D9F2EBE00B87755 /* Utils */,
				99C3DB7F2D9F273000B87755 /* Dropdown */,
				99C95A6B2D9EF6AD00A97FEA /* App */,
				99C95A6E2D9EF6AD00A97FEA /* Models */,
				99C95A712D9EF6AD00A97FEA /* Network */,
				99C95A832D9EF6AD00A97FEA /* Scenes */,
				99C95A842D9EF6AD00A97FEA /* Assets.xcassets */,
				99C95A852D9EF6AD00A97FEA /* Info.plist */,
				99C95A872D9EF6AD00A97FEA /* LaunchScreen.storyboard */,
				99C95A882D9EF6AD00A97FEA /* ViewController.swift */,
			);
			path = XchangeNow;
			sourceTree = "<group>";
		};
		B29C3A858855275DFA261FE6 /* Frameworks */ = {
			isa = PBXGroup;
			children = (
				EAB1E61A0EFDE11FF63CEE94 /* Pods_XchangeNow.framework */,
			);
			name = Frameworks;
			sourceTree = "<group>";
		};
/* End PBXGroup section */

/* Begin PBXNativeTarget section */
		99ADEF272D9DC48000AFB275 /* XchangeNow */ = {
			isa = PBXNativeTarget;
			buildConfigurationList = 99ADEF3B2D9DC48200AFB275 /* Build configuration list for PBXNativeTarget "XchangeNow" */;
			buildPhases = (
				22117E44C00BA273D04627F9 /* [CP] Check Pods Manifest.lock */,
				99ADEF242D9DC48000AFB275 /* Sources */,
				99ADEF252D9DC48000AFB275 /* Frameworks */,
				99ADEF262D9DC48000AFB275 /* Resources */,
			);
			buildRules = (
			);
			dependencies = (
			);
			fileSystemSynchronizedGroups = (
				99C3DB7F2D9F273000B87755 /* Dropdown */,
				99C3DB822D9F2EBE00B87755 /* Utils */,
				99C3DB872D9F4C3E00B87755 /* Services */,
			);
			name = XchangeNow;
			productName = XchangeNow;
			productReference = 99ADEF282D9DC48000AFB275 /* XchangeNow.app */;
			productType = "com.apple.product-type.application";
		};
/* End PBXNativeTarget section */

/* Begin PBXProject section */
		99ADEF202D9DC48000AFB275 /* Project object */ = {
			isa = PBXProject;
			attributes = {
				BuildIndependentTargetsInParallel = 1;
				LastSwiftUpdateCheck = 1620;
				LastUpgradeCheck = 1620;
				TargetAttributes = {
					99ADEF272D9DC48000AFB275 = {
						CreatedOnToolsVersion = 16.2;
					};
				};
			};
			buildConfigurationList = 99ADEF232D9DC48000AFB275 /* Build configuration list for PBXProject "XchangeNow" */;
			compatibilityVersion = "Xcode 14.0";
			developmentRegion = en;
			hasScannedForEncodings = 0;
			knownRegions = (
				en,
				Base,
			);
			mainGroup = 99ADEF1F2D9DC48000AFB275;
			packageReferences = (
				99C958992D9EA6C700A97FEA /* XCRemoteSwiftPackageReference "DropDown" */,
			);
			productRefGroup = 99ADEF292D9DC48000AFB275 /* Products */;
			projectDirPath = "";
			projectRoot = "";
			targets = (
				99ADEF272D9DC48000AFB275 /* XchangeNow */,
			);
		};
/* End PBXProject section */

/* Begin PBXResourcesBuildPhase section */
		99ADEF262D9DC48000AFB275 /* Resources */ = {
			isa = PBXResourcesBuildPhase;
			buildActionMask = 2147483647;
			files = (
				99C95AA12D9EF6AD00A97FEA /* Assets.xcassets in Resources */,
				99C95AA32D9EF6AD00A97FEA /* LaunchScreen.storyboard in Resources */,
			);
			runOnlyForDeploymentPostprocessing = 0;
		};
/* End PBXResourcesBuildPhase section */

/* Begin PBXShellScriptBuildPhase section */
		22117E44C00BA273D04627F9 /* [CP] Check Pods Manifest.lock */ = {
			isa = PBXShellScriptBuildPhase;
			buildActionMask = 2147483647;
			files = (
			);
			inputFileListPaths = (
			);
			inputPaths = (
				"${PODS_PODFILE_DIR_PATH}/Podfile.lock",
				"${PODS_ROOT}/Manifest.lock",
			);
			name = "[CP] Check Pods Manifest.lock";
			outputFileListPaths = (
			);
			outputPaths = (
				"$(DERIVED_FILE_DIR)/Pods-XchangeNow-checkManifestLockResult.txt",
			);
			runOnlyForDeploymentPostprocessing = 0;
			shellPath = /bin/sh;
			shellScript = "diff \"${PODS_PODFILE_DIR_PATH}/Podfile.lock\" \"${PODS_ROOT}/Manifest.lock\" > /dev/null\nif [ $? != 0 ] ; then\n    # print error to STDERR\n    echo \"error: The sandbox is not in sync with the Podfile.lock. Run 'pod install' or update your CocoaPods installation.\" >&2\n    exit 1\nfi\n# This output is used by Xcode 'outputs' to avoid re-running this script phase.\necho \"SUCCESS\" > \"${SCRIPT_OUTPUT_FILE_0}\"\n";
			showEnvVarsInLog = 0;
		};
/* End PBXShellScriptBuildPhase section */

/* Begin PBXSourcesBuildPhase section */
		99ADEF242D9DC48000AFB275 /* Sources */ = {
			isa = PBXSourcesBuildPhase;
			buildActionMask = 2147483647;
			files = (
				99C95A8A2D9EF6AD00A97FEA /* AppDelegate.swift in Sources */,
				99C95A8B2D9EF6AD00A97FEA /* MainTabBarController.swift in Sources */,
				99C95A8C2D9EF6AD00A97FEA /* SceneDelegate.swift in Sources */,
				99C95A8D2D9EF6AD00A97FEA /* Currency.swift in Sources */,
				99C3DB862D9F4BF700B87755 /* CurrencyRate.swift in Sources */,
				99C95A8E2D9EF6AD00A97FEA /* Quote.swift in Sources */,
				99C95A8F2D9EF6AD00A97FEA /* APIClient.swift in Sources */,
				99C95A902D9EF6AD00A97FEA /* WebSocketManager.swift in Sources */,
				99C95A912D9EF6AD00A97FEA /* CurrencyConverterBuilder.swift in Sources */,
				99C95A922D9EF6AD00A97FEA /* CurrencyConverterInteractor.swift in Sources */,
				99C95A932D9EF6AD00A97FEA /* CurrencyConverterModels.swift in Sources */,
				99C95A942D9EF6AD00A97FEA /* CurrencyConverterPresenter.swift in Sources */,
				99C95A952D9EF6AD00A97FEA /* CurrencyConverterRouter.swift in Sources */,
				99C95A962D9EF6AD00A97FEA /* CurrencyConverterView.swift in Sources */,
				99C95A972D9EF6AD00A97FEA /* CurrencyConverterViewController.swift in Sources */,
				99C95A982D9EF6AD00A97FEA /* CurrencyConverterWorker.swift in Sources */,
				99C95A992D9EF6AD00A97FEA /* OnlineQuotesBuilder.swift in Sources */,
				99C95A9A2D9EF6AD00A97FEA /* OnlineQuotesInteractor.swift in Sources */,
				99C95A9B2D9EF6AD00A97FEA /* OnlineQuotesModels.swift in Sources */,
				99C95A9C2D9EF6AD00A97FEA /* OnlineQuotesPresenter.swift in Sources */,
				99C95A9D2D9EF6AD00A97FEA /* OnlineQuotesRouter.swift in Sources */,
				99C95A9E2D9EF6AD00A97FEA /* OnlineQuotesViewController.swift in Sources */,
				99C95A9F2D9EF6AD00A97FEA /* OnlineQuotesWorker.swift in Sources */,
				99C95AA02D9EF6AD00A97FEA /* ViewController.swift in Sources */,
			);
			runOnlyForDeploymentPostprocessing = 0;
		};
/* End PBXSourcesBuildPhase section */

/* Begin PBXVariantGroup section */
		99C95A872D9EF6AD00A97FEA /* LaunchScreen.storyboard */ = {
			isa = PBXVariantGroup;
			children = (
				99C95A862D9EF6AD00A97FEA /* Base */,
			);
			name = LaunchScreen.storyboard;
			sourceTree = "<group>";
		};
/* End PBXVariantGroup section */

/* Begin XCBuildConfiguration section */
		99ADEF3C2D9DC48200AFB275 /* Debug */ = {
			isa = XCBuildConfiguration;
			baseConfigurationReference = 6CF11BCF4B00C7430F960949 /* Pods-XchangeNow.debug.xcconfig */;
			buildSettings = {
				ASSETCATALOG_COMPILER_APPICON_NAME = AppIcon;
				ASSETCATALOG_COMPILER_GLOBAL_ACCENT_COLOR_NAME = AccentColor;
				CODE_SIGN_STYLE = Automatic;
				CURRENT_PROJECT_VERSION = 1;
				DEVELOPMENT_TEAM = URJBK2A2KA;
				GENERATE_INFOPLIST_FILE = YES;
				INFOPLIST_FILE = XchangeNow/Info.plist;
				INFOPLIST_KEY_UIApplicationSupportsIndirectInputEvents = YES;
				INFOPLIST_KEY_UILaunchStoryboardName = LaunchScreen;
				INFOPLIST_KEY_UISupportedInterfaceOrientations_iPad = "UIInterfaceOrientationPortrait UIInterfaceOrientationPortraitUpsideDown UIInterfaceOrientationLandscapeLeft UIInterfaceOrientationLandscapeRight";
				INFOPLIST_KEY_UISupportedInterfaceOrientations_iPhone = "UIInterfaceOrientationPortrait UIInterfaceOrientationLandscapeLeft UIInterfaceOrientationLandscapeRight";
				LD_RUNPATH_SEARCH_PATHS = (
					"$(inherited)",
					"@executable_path/Frameworks",
				);
				MARKETING_VERSION = 1.0;
				PRODUCT_BUNDLE_IDENTIFIER = com.elmira.XchangeNow;
				PRODUCT_NAME = "$(TARGET_NAME)";
				SWIFT_EMIT_LOC_STRINGS = YES;
				SWIFT_VERSION = 5.0;
				TARGETED_DEVICE_FAMILY = "1,2";
			};
			name = Debug;
		};
		99ADEF3D2D9DC48200AFB275 /* Release */ = {
			isa = XCBuildConfiguration;
			baseConfigurationReference = 050BF90242E69E7019D5D5EE /* Pods-XchangeNow.release.xcconfig */;
			buildSettings = {
				ASSETCATALOG_COMPILER_APPICON_NAME = AppIcon;
				ASSETCATALOG_COMPILER_GLOBAL_ACCENT_COLOR_NAME = AccentColor;
				CODE_SIGN_STYLE = Automatic;
				CURRENT_PROJECT_VERSION = 1;
				DEVELOPMENT_TEAM = URJBK2A2KA;
				GENERATE_INFOPLIST_FILE = YES;
				INFOPLIST_FILE = XchangeNow/Info.plist;
				INFOPLIST_KEY_UIApplicationSupportsIndirectInputEvents = YES;
				INFOPLIST_KEY_UILaunchStoryboardName = LaunchScreen;
				INFOPLIST_KEY_UISupportedInterfaceOrientations_iPad = "UIInterfaceOrientationPortrait UIInterfaceOrientationPortraitUpsideDown UIInterfaceOrientationLandscapeLeft UIInterfaceOrientationLandscapeRight";
				INFOPLIST_KEY_UISupportedInterfaceOrientations_iPhone = "UIInterfaceOrientationPortrait UIInterfaceOrientationLandscapeLeft UIInterfaceOrientationLandscapeRight";
				LD_RUNPATH_SEARCH_PATHS = (
					"$(inherited)",
					"@executable_path/Frameworks",
				);
				MARKETING_VERSION = 1.0;
				PRODUCT_BUNDLE_IDENTIFIER = com.elmira.XchangeNow;
				PRODUCT_NAME = "$(TARGET_NAME)";
				SWIFT_EMIT_LOC_STRINGS = YES;
				SWIFT_VERSION = 5.0;
				TARGETED_DEVICE_FAMILY = "1,2";
			};
			name = Release;
		};
		99ADEF3E2D9DC48200AFB275 /* Debug */ = {
			isa = XCBuildConfiguration;
			buildSettings = {
				ALWAYS_SEARCH_USER_PATHS = NO;
				ASSETCATALOG_COMPILER_GENERATE_SWIFT_ASSET_SYMBOL_EXTENSIONS = YES;
				CLANG_ANALYZER_NONNULL = YES;
				CLANG_ANALYZER_NUMBER_OBJECT_CONVERSION = YES_AGGRESSIVE;
				CLANG_CXX_LANGUAGE_STANDARD = "gnu++20";
				CLANG_ENABLE_MODULES = YES;
				CLANG_ENABLE_OBJC_ARC = YES;
				CLANG_ENABLE_OBJC_WEAK = YES;
				CLANG_WARN_BLOCK_CAPTURE_AUTORELEASING = YES;
				CLANG_WARN_BOOL_CONVERSION = YES;
				CLANG_WARN_COMMA = YES;
				CLANG_WARN_CONSTANT_CONVERSION = YES;
				CLANG_WARN_DEPRECATED_OBJC_IMPLEMENTATIONS = YES;
				CLANG_WARN_DIRECT_OBJC_ISA_USAGE = YES_ERROR;
				CLANG_WARN_DOCUMENTATION_COMMENTS = YES;
				CLANG_WARN_EMPTY_BODY = YES;
				CLANG_WARN_ENUM_CONVERSION = YES;
				CLANG_WARN_INFINITE_RECURSION = YES;
				CLANG_WARN_INT_CONVERSION = YES;
				CLANG_WARN_NON_LITERAL_NULL_CONVERSION = YES;
				CLANG_WARN_OBJC_IMPLICIT_RETAIN_SELF = YES;
				CLANG_WARN_OBJC_LITERAL_CONVERSION = YES;
				CLANG_WARN_OBJC_ROOT_CLASS = YES_ERROR;
				CLANG_WARN_QUOTED_INCLUDE_IN_FRAMEWORK_HEADER = YES;
				CLANG_WARN_RANGE_LOOP_ANALYSIS = YES;
				CLANG_WARN_STRICT_PROTOTYPES = YES;
				CLANG_WARN_SUSPICIOUS_MOVE = YES;
				CLANG_WARN_UNGUARDED_AVAILABILITY = YES_AGGRESSIVE;
				CLANG_WARN_UNREACHABLE_CODE = YES;
				CLANG_WARN__DUPLICATE_METHOD_MATCH = YES;
				COPY_PHASE_STRIP = NO;
				DEBUG_INFORMATION_FORMAT = dwarf;
				ENABLE_STRICT_OBJC_MSGSEND = YES;
				ENABLE_TESTABILITY = YES;
				ENABLE_USER_SCRIPT_SANDBOXING = YES;
				GCC_C_LANGUAGE_STANDARD = gnu17;
				GCC_DYNAMIC_NO_PIC = NO;
				GCC_NO_COMMON_BLOCKS = YES;
				GCC_OPTIMIZATION_LEVEL = 0;
				GCC_PREPROCESSOR_DEFINITIONS = (
					"DEBUG=1",
					"$(inherited)",
				);
				GCC_WARN_64_TO_32_BIT_CONVERSION = YES;
				GCC_WARN_ABOUT_RETURN_TYPE = YES_ERROR;
				GCC_WARN_UNDECLARED_SELECTOR = YES;
				GCC_WARN_UNINITIALIZED_AUTOS = YES_AGGRESSIVE;
				GCC_WARN_UNUSED_FUNCTION = YES;
				GCC_WARN_UNUSED_VARIABLE = YES;
				IPHONEOS_DEPLOYMENT_TARGET = 18.2;
				LOCALIZATION_PREFERS_STRING_CATALOGS = YES;
				MTL_ENABLE_DEBUG_INFO = INCLUDE_SOURCE;
				MTL_FAST_MATH = YES;
				ONLY_ACTIVE_ARCH = YES;
				SDKROOT = iphoneos;
				SWIFT_ACTIVE_COMPILATION_CONDITIONS = "DEBUG $(inherited)";
				SWIFT_OPTIMIZATION_LEVEL = "-Onone";
			};
			name = Debug;
		};
		99ADEF3F2D9DC48200AFB275 /* Release */ = {
			isa = XCBuildConfiguration;
			buildSettings = {
				ALWAYS_SEARCH_USER_PATHS = NO;
				ASSETCATALOG_COMPILER_GENERATE_SWIFT_ASSET_SYMBOL_EXTENSIONS = YES;
				CLANG_ANALYZER_NONNULL = YES;
				CLANG_ANALYZER_NUMBER_OBJECT_CONVERSION = YES_AGGRESSIVE;
				CLANG_CXX_LANGUAGE_STANDARD = "gnu++20";
				CLANG_ENABLE_MODULES = YES;
				CLANG_ENABLE_OBJC_ARC = YES;
				CLANG_ENABLE_OBJC_WEAK = YES;
				CLANG_WARN_BLOCK_CAPTURE_AUTORELEASING = YES;
				CLANG_WARN_BOOL_CONVERSION = YES;
				CLANG_WARN_COMMA = YES;
				CLANG_WARN_CONSTANT_CONVERSION = YES;
				CLANG_WARN_DEPRECATED_OBJC_IMPLEMENTATIONS = YES;
				CLANG_WARN_DIRECT_OBJC_ISA_USAGE = YES_ERROR;
				CLANG_WARN_DOCUMENTATION_COMMENTS = YES;
				CLANG_WARN_EMPTY_BODY = YES;
				CLANG_WARN_ENUM_CONVERSION = YES;
				CLANG_WARN_INFINITE_RECURSION = YES;
				CLANG_WARN_INT_CONVERSION = YES;
				CLANG_WARN_NON_LITERAL_NULL_CONVERSION = YES;
				CLANG_WARN_OBJC_IMPLICIT_RETAIN_SELF = YES;
				CLANG_WARN_OBJC_LITERAL_CONVERSION = YES;
				CLANG_WARN_OBJC_ROOT_CLASS = YES_ERROR;
				CLANG_WARN_QUOTED_INCLUDE_IN_FRAMEWORK_HEADER = YES;
				CLANG_WARN_RANGE_LOOP_ANALYSIS = YES;
				CLANG_WARN_STRICT_PROTOTYPES = YES;
				CLANG_WARN_SUSPICIOUS_MOVE = YES;
				CLANG_WARN_UNGUARDED_AVAILABILITY = YES_AGGRESSIVE;
				CLANG_WARN_UNREACHABLE_CODE = YES;
				CLANG_WARN__DUPLICATE_METHOD_MATCH = YES;
				COPY_PHASE_STRIP = NO;
				DEBUG_INFORMATION_FORMAT = "dwarf-with-dsym";
				ENABLE_NS_ASSERTIONS = NO;
				ENABLE_STRICT_OBJC_MSGSEND = YES;
				ENABLE_USER_SCRIPT_SANDBOXING = YES;
				GCC_C_LANGUAGE_STANDARD = gnu17;
				GCC_NO_COMMON_BLOCKS = YES;
				GCC_WARN_64_TO_32_BIT_CONVERSION = YES;
				GCC_WARN_ABOUT_RETURN_TYPE = YES_ERROR;
				GCC_WARN_UNDECLARED_SELECTOR = YES;
				GCC_WARN_UNINITIALIZED_AUTOS = YES_AGGRESSIVE;
				GCC_WARN_UNUSED_FUNCTION = YES;
				GCC_WARN_UNUSED_VARIABLE = YES;
				IPHONEOS_DEPLOYMENT_TARGET = 18.2;
				LOCALIZATION_PREFERS_STRING_CATALOGS = YES;
				MTL_ENABLE_DEBUG_INFO = NO;
				MTL_FAST_MATH = YES;
				SDKROOT = iphoneos;
				SWIFT_COMPILATION_MODE = wholemodule;
				VALIDATE_PRODUCT = YES;
			};
			name = Release;
		};
/* End XCBuildConfiguration section */

/* Begin XCConfigurationList section */
		99ADEF232D9DC48000AFB275 /* Build configuration list for PBXProject "XchangeNow" */ = {
			isa = XCConfigurationList;
			buildConfigurations = (
				99ADEF3E2D9DC48200AFB275 /* Debug */,
				99ADEF3F2D9DC48200AFB275 /* Release */,
			);
			defaultConfigurationIsVisible = 0;
			defaultConfigurationName = Release;
		};
		99ADEF3B2D9DC48200AFB275 /* Build configuration list for PBXNativeTarget "XchangeNow" */ = {
			isa = XCConfigurationList;
			buildConfigurations = (
				99ADEF3C2D9DC48200AFB275 /* Debug */,
				99ADEF3D2D9DC48200AFB275 /* Release */,
			);
			defaultConfigurationIsVisible = 0;
			defaultConfigurationName = Release;
		};
/* End XCConfigurationList section */

/* Begin XCRemoteSwiftPackageReference section */
		99C958992D9EA6C700A97FEA /* XCRemoteSwiftPackageReference "DropDown" */ = {
			isa = XCRemoteSwiftPackageReference;
			repositoryURL = "https://github.com/AssistoLab/DropDown.git";
			requirement = {
				kind = upToNextMajorVersion;
				minimumVersion = 0.1.5;
			};
		};
/* End XCRemoteSwiftPackageReference section */
	};
	rootObject = 99ADEF202D9DC48000AFB275 /* Project object */;
}
